
Microsoft Visual Studio Solution File, Format Version 12.00
# Visual Studio 14
VisualStudioVersion = 14.0.23107.0
MinimumVisualStudioVersion = 10.0.40219.1
Project("{8BC9CEB8-8B4A-11D0-8D11-00A0C91BC942}") = "includes", "includes\includes.vcxproj", "{13C011D6-4275-45D4-AEF6-7A640E6A3371}"
EndProject
Project("{8BC9CEB8-8B4A-11D0-8D11-00A0C91BC942}") = "Test_Thread", "TestAndQA\Test\UnitTest\Test_Thread\Test_Thread.vcxproj", "{25995B88-8BD0-45E5-97A9-BCC5B9C28B8A}"
	ProjectSection(ProjectDependencies) = postProject
		{E7606810-81B4-4CB7-B8A7-09DE7487095F} = {E7606810-81B4-4CB7-B8A7-09DE7487095F}
		{13C011D6-4275-45D4-AEF6-7A640E6A3371} = {13C011D6-4275-45D4-AEF6-7A640E6A3371}
	EndProjectSection
EndProject
Project("{8BC9CEB8-8B4A-11D0-8D11-00A0C91BC942}") = "UtilsRuntime", "base_lv3\UtilsRuntime\UtilsRuntime.vcxproj", "{E7606810-81B4-4CB7-B8A7-09DE7487095F}"
	ProjectSection(ProjectDependencies) = postProject
		{13C011D6-4275-45D4-AEF6-7A640E6A3371} = {13C011D6-4275-45D4-AEF6-7A640E6A3371}
	EndProjectSection
EndProject
Project("{2150E333-8FDC-42A3-9474-1A3956D46DE8}") = "base_lv3", "base_lv3", "{B8C001A8-5AAC-4D1B-B584-5C11E4B96C95}"
EndProject
Project("{2150E333-8FDC-42A3-9474-1A3956D46DE8}") = "test and QA", "test and QA", "{CC777B75-87BD-43EF-BBFE-D16876299015}"
EndProject
Project("{2150E333-8FDC-42A3-9474-1A3956D46DE8}") = "app_lv1", "app_lv1", "{0F0C8AA1-A1D7-4318-A0C8-FB90E1E2551E}"
EndProject
Project("{2150E333-8FDC-42A3-9474-1A3956D46DE8}") = "app_lv2", "app_lv2", "{9B627066-54A8-4819-85E4-871081BDDBB7}"
EndProject
Project("{2150E333-8FDC-42A3-9474-1A3956D46DE8}") = "app_lv3", "app_lv3", "{A8EC24B4-F7E9-45A5-B853-B5204A9B0562}"
EndProject
Project("{2150E333-8FDC-42A3-9474-1A3956D46DE8}") = "base_lv2", "base_lv2", "{19C889D6-3181-43CB-8BA7-45A3050122C7}"
EndProject
Project("{2150E333-8FDC-42A3-9474-1A3956D46DE8}") = "base_lv1", "base_lv1", "{64D6D17A-A559-4CA1-904A-F582B96FD362}"
EndProject
Project("{8BC9CEB8-8B4A-11D0-8D11-00A0C91BC942}") = "HubService", "app_lv1\HubService\HubService.vcxproj", "{C771FE06-C803-4DCD-9342-D5896182987A}"
EndProject
Project("{8BC9CEB8-8B4A-11D0-8D11-00A0C91BC942}") = "ESBMidConn", "app_lv2\ESBMidConn\ESBMidConn.vcxproj", "{BE8D93C8-265A-4423-8D32-7DDAE5D4D89F}"
EndProject
Project("{8BC9CEB8-8B4A-11D0-8D11-00A0C91BC942}") = "ESBMidService", "app_lv2\ESBMidService\ESBMidService.vcxproj", "{7144BFE2-126F-4E25-B7C3-59D1C04E324E}"
	ProjectSection(ProjectDependencies) = postProject
		{E7606810-81B4-4CB7-B8A7-09DE7487095F} = {E7606810-81B4-4CB7-B8A7-09DE7487095F}
		{BD809B3A-D11A-4298-8A48-DC37CAAF34C9} = {BD809B3A-D11A-4298-8A48-DC37CAAF34C9}
		{7AE8355B-938A-4F15-98A8-0512A06DDD66} = {7AE8355B-938A-4F15-98A8-0512A06DDD66}
		{0FB598DC-D199-4AE6-9C54-7778355F57DB} = {0FB598DC-D199-4AE6-9C54-7778355F57DB}
		{E6DD8FFD-EF3D-46F2-A662-9CEFA038C076} = {E6DD8FFD-EF3D-46F2-A662-9CEFA038C076}
	EndProjectSection
EndProject
Project("{8BC9CEB8-8B4A-11D0-8D11-00A0C91BC942}") = "ESBWebService", "app_lv3\ESBWebService\ESBWebService.vcxproj", "{7AE8355B-938A-4F15-98A8-0512A06DDD66}"
	ProjectSection(ProjectDependencies) = postProject
		{E7606810-81B4-4CB7-B8A7-09DE7487095F} = {E7606810-81B4-4CB7-B8A7-09DE7487095F}
	EndProjectSection
EndProject
Project("{8BC9CEB8-8B4A-11D0-8D11-00A0C91BC942}") = "ESBHubServiceLib", "app_lv2\ESBHubServiceLib\ESBHubServiceLib.vcxproj", "{A96ABC4B-BF49-4FEB-9900-2CF28E532EC7}"
EndProject
Project("{8BC9CEB8-8B4A-11D0-8D11-00A0C91BC942}") = "ESBHubClientLib", "app_lv2\ESBHubClientLib\ESBHubClientLib.vcxproj", "{AA1137B8-4527-41C3-AA4F-6EE54EEA476F}"
EndProject
Project("{8BC9CEB8-8B4A-11D0-8D11-00A0C91BC942}") = "XMLParser", "base_lv3\XMLParser\XMLParser.vcxproj", "{0FB598DC-D199-4AE6-9C54-7778355F57DB}"
	ProjectSection(ProjectDependencies) = postProject
		{E7606810-81B4-4CB7-B8A7-09DE7487095F} = {E7606810-81B4-4CB7-B8A7-09DE7487095F}
	EndProjectSection
EndProject
Project("{8BC9CEB8-8B4A-11D0-8D11-00A0C91BC942}") = "ESBDataSerializer", "app_lv2\ESBDataSerializer\ESBDataSerializer.vcxproj", "{E6DD8FFD-EF3D-46F2-A662-9CEFA038C076}"
EndProject
Project("{8BC9CEB8-8B4A-11D0-8D11-00A0C91BC942}") = "ESBCommonLib", "ESBCommonLib\ESBCommonLib.vcxproj", "{BD809B3A-D11A-4298-8A48-DC37CAAF34C9}"
EndProject
Global
	GlobalSection(SolutionConfigurationPlatforms) = preSolution
		Debug|x64 = Debug|x64
		Debug|x86 = Debug|x86
		Release|x64 = Release|x64
		Release|x86 = Release|x86
	EndGlobalSection
	GlobalSection(ProjectConfigurationPlatforms) = postSolution
		{13C011D6-4275-45D4-AEF6-7A640E6A3371}.Debug|x64.ActiveCfg = Debug|x64
		{13C011D6-4275-45D4-AEF6-7A640E6A3371}.Debug|x64.Build.0 = Debug|x64
		{13C011D6-4275-45D4-AEF6-7A640E6A3371}.Debug|x86.ActiveCfg = Debug|Win32
		{13C011D6-4275-45D4-AEF6-7A640E6A3371}.Debug|x86.Build.0 = Debug|Win32
		{13C011D6-4275-45D4-AEF6-7A640E6A3371}.Release|x64.ActiveCfg = Release|x64
		{13C011D6-4275-45D4-AEF6-7A640E6A3371}.Release|x64.Build.0 = Release|x64
		{13C011D6-4275-45D4-AEF6-7A640E6A3371}.Release|x86.ActiveCfg = Release|Win32
		{13C011D6-4275-45D4-AEF6-7A640E6A3371}.Release|x86.Build.0 = Release|Win32
		{25995B88-8BD0-45E5-97A9-BCC5B9C28B8A}.Debug|x64.ActiveCfg = Debug|x64
		{25995B88-8BD0-45E5-97A9-BCC5B9C28B8A}.Debug|x64.Build.0 = Debug|x64
		{25995B88-8BD0-45E5-97A9-BCC5B9C28B8A}.Debug|x86.ActiveCfg = Debug|Win32
		{25995B88-8BD0-45E5-97A9-BCC5B9C28B8A}.Debug|x86.Build.0 = Debug|Win32
		{25995B88-8BD0-45E5-97A9-BCC5B9C28B8A}.Release|x64.ActiveCfg = Release|x64
		{25995B88-8BD0-45E5-97A9-BCC5B9C28B8A}.Release|x64.Build.0 = Release|x64
		{25995B88-8BD0-45E5-97A9-BCC5B9C28B8A}.Release|x86.ActiveCfg = Release|Win32
		{25995B88-8BD0-45E5-97A9-BCC5B9C28B8A}.Release|x86.Build.0 = Release|Win32
		{E7606810-81B4-4CB7-B8A7-09DE7487095F}.Debug|x64.ActiveCfg = Debug|x64
		{E7606810-81B4-4CB7-B8A7-09DE7487095F}.Debug|x64.Build.0 = Debug|x64
		{E7606810-81B4-4CB7-B8A7-09DE7487095F}.Debug|x86.ActiveCfg = Debug|Win32
		{E7606810-81B4-4CB7-B8A7-09DE7487095F}.Debug|x86.Build.0 = Debug|Win32
		{E7606810-81B4-4CB7-B8A7-09DE7487095F}.Release|x64.ActiveCfg = Release|x64
		{E7606810-81B4-4CB7-B8A7-09DE7487095F}.Release|x64.Build.0 = Release|x64
		{E7606810-81B4-4CB7-B8A7-09DE7487095F}.Release|x86.ActiveCfg = Release|Win32
		{E7606810-81B4-4CB7-B8A7-09DE7487095F}.Release|x86.Build.0 = Release|Win32
		{C771FE06-C803-4DCD-9342-D5896182987A}.Debug|x64.ActiveCfg = Debug|x64
		{C771FE06-C803-4DCD-9342-D5896182987A}.Debug|x64.Build.0 = Debug|x64
		{C771FE06-C803-4DCD-9342-D5896182987A}.Debug|x86.ActiveCfg = Debug|Win32
		{C771FE06-C803-4DCD-9342-D5896182987A}.Debug|x86.Build.0 = Debug|Win32
		{C771FE06-C803-4DCD-9342-D5896182987A}.Release|x64.ActiveCfg = Release|x64
		{C771FE06-C803-4DCD-9342-D5896182987A}.Release|x64.Build.0 = Release|x64
		{C771FE06-C803-4DCD-9342-D5896182987A}.Release|x86.ActiveCfg = Release|Win32
		{C771FE06-C803-4DCD-9342-D5896182987A}.Release|x86.Build.0 = Release|Win32
		{BE8D93C8-265A-4423-8D32-7DDAE5D4D89F}.Debug|x64.ActiveCfg = Debug|x64
		{BE8D93C8-265A-4423-8D32-7DDAE5D4D89F}.Debug|x64.Build.0 = Debug|x64
		{BE8D93C8-265A-4423-8D32-7DDAE5D4D89F}.Debug|x86.ActiveCfg = Debug|Win32
		{BE8D93C8-265A-4423-8D32-7DDAE5D4D89F}.Debug|x86.Build.0 = Debug|Win32
		{BE8D93C8-265A-4423-8D32-7DDAE5D4D89F}.Release|x64.ActiveCfg = Release|x64
		{BE8D93C8-265A-4423-8D32-7DDAE5D4D89F}.Release|x64.Build.0 = Release|x64
		{BE8D93C8-265A-4423-8D32-7DDAE5D4D89F}.Release|x86.ActiveCfg = Release|Win32
		{BE8D93C8-265A-4423-8D32-7DDAE5D4D89F}.Release|x86.Build.0 = Release|Win32
		{7144BFE2-126F-4E25-B7C3-59D1C04E324E}.Debug|x64.ActiveCfg = Debug|x64
		{7144BFE2-126F-4E25-B7C3-59D1C04E324E}.Debug|x64.Build.0 = Debug|x64
		{7144BFE2-126F-4E25-B7C3-59D1C04E324E}.Debug|x86.ActiveCfg = Debug|Win32
		{7144BFE2-126F-4E25-B7C3-59D1C04E324E}.Debug|x86.Build.0 = Debug|Win32
		{7144BFE2-126F-4E25-B7C3-59D1C04E324E}.Release|x64.ActiveCfg = Release|x64
		{7144BFE2-126F-4E25-B7C3-59D1C04E324E}.Release|x64.Build.0 = Release|x64
		{7144BFE2-126F-4E25-B7C3-59D1C04E324E}.Release|x86.ActiveCfg = Release|Win32
		{7144BFE2-126F-4E25-B7C3-59D1C04E324E}.Release|x86.Build.0 = Release|Win32
		{7AE8355B-938A-4F15-98A8-0512A06DDD66}.Debug|x64.ActiveCfg = Debug|x64
		{7AE8355B-938A-4F15-98A8-0512A06DDD66}.Debug|x64.Build.0 = Debug|x64
		{7AE8355B-938A-4F15-98A8-0512A06DDD66}.Debug|x86.ActiveCfg = Debug|Win32
		{7AE8355B-938A-4F15-98A8-0512A06DDD66}.Debug|x86.Build.0 = Debug|Win32
		{7AE8355B-938A-4F15-98A8-0512A06DDD66}.Release|x64.ActiveCfg = Release|x64
		{7AE8355B-938A-4F15-98A8-0512A06DDD66}.Release|x64.Build.0 = Release|x64
		{7AE8355B-938A-4F15-98A8-0512A06DDD66}.Release|x86.ActiveCfg = Release|Win32
		{7AE8355B-938A-4F15-98A8-0512A06DDD66}.Release|x86.Build.0 = Release|Win32
		{A96ABC4B-BF49-4FEB-9900-2CF28E532EC7}.Debug|x64.ActiveCfg = Debug|x64
		{A96ABC4B-BF49-4FEB-9900-2CF28E532EC7}.Debug|x64.Build.0 = Debug|x64
		{A96ABC4B-BF49-4FEB-9900-2CF28E532EC7}.Debug|x86.ActiveCfg = Debug|Win32
		{A96ABC4B-BF49-4FEB-9900-2CF28E532EC7}.Debug|x86.Build.0 = Debug|Win32
		{A96ABC4B-BF49-4FEB-9900-2CF28E532EC7}.Release|x64.ActiveCfg = Release|x64
		{A96ABC4B-BF49-4FEB-9900-2CF28E532EC7}.Release|x64.Build.0 = Release|x64
		{A96ABC4B-BF49-4FEB-9900-2CF28E532EC7}.Release|x86.ActiveCfg = Release|Win32
		{A96ABC4B-BF49-4FEB-9900-2CF28E532EC7}.Release|x86.Build.0 = Release|Win32
		{AA1137B8-4527-41C3-AA4F-6EE54EEA476F}.Debug|x64.ActiveCfg = Debug|x64
		{AA1137B8-4527-41C3-AA4F-6EE54EEA476F}.Debug|x64.Build.0 = Debug|x64
		{AA1137B8-4527-41C3-AA4F-6EE54EEA476F}.Debug|x86.ActiveCfg = Debug|Win32
		{AA1137B8-4527-41C3-AA4F-6EE54EEA476F}.Debug|x86.Build.0 = Debug|Win32
		{AA1137B8-4527-41C3-AA4F-6EE54EEA476F}.Release|x64.ActiveCfg = Release|x64
		{AA1137B8-4527-41C3-AA4F-6EE54EEA476F}.Release|x64.Build.0 = Release|x64
		{AA1137B8-4527-41C3-AA4F-6EE54EEA476F}.Release|x86.ActiveCfg = Release|Win32
		{AA1137B8-4527-41C3-AA4F-6EE54EEA476F}.Release|x86.Build.0 = Release|Win32
		{0FB598DC-D199-4AE6-9C54-7778355F57DB}.Debug|x64.ActiveCfg = Debug|x64
		{0FB598DC-D199-4AE6-9C54-7778355F57DB}.Debug|x64.Build.0 = Debug|x64
		{0FB598DC-D199-4AE6-9C54-7778355F57DB}.Debug|x86.ActiveCfg = Debug|Win32
		{0FB598DC-D199-4AE6-9C54-7778355F57DB}.Debug|x86.Build.0 = Debug|Win32
		{0FB598DC-D199-4AE6-9C54-7778355F57DB}.Release|x64.ActiveCfg = Release|x64
		{0FB598DC-D199-4AE6-9C54-7778355F57DB}.Release|x64.Build.0 = Release|x64
		{0FB598DC-D199-4AE6-9C54-7778355F57DB}.Release|x86.ActiveCfg = Release|Win32
		{0FB598DC-D199-4AE6-9C54-7778355F57DB}.Release|x86.Build.0 = Release|Win32
		{E6DD8FFD-EF3D-46F2-A662-9CEFA038C076}.Debug|x64.ActiveCfg = Debug|x64
		{E6DD8FFD-EF3D-46F2-A662-9CEFA038C076}.Debug|x64.Build.0 = Debug|x64
		{E6DD8FFD-EF3D-46F2-A662-9CEFA038C076}.Debug|x86.ActiveCfg = Debug|Win32
		{E6DD8FFD-EF3D-46F2-A662-9CEFA038C076}.Debug|x86.Build.0 = Debug|Win32
		{E6DD8FFD-EF3D-46F2-A662-9CEFA038C076}.Release|x64.ActiveCfg = Release|x64
		{E6DD8FFD-EF3D-46F2-A662-9CEFA038C076}.Release|x64.Build.0 = Release|x64
		{E6DD8FFD-EF3D-46F2-A662-9CEFA038C076}.Release|x86.ActiveCfg = Release|Win32
		{E6DD8FFD-EF3D-46F2-A662-9CEFA038C076}.Release|x86.Build.0 = Release|Win32
		{BD809B3A-D11A-4298-8A48-DC37CAAF34C9}.Debug|x64.ActiveCfg = Debug|x64
		{BD809B3A-D11A-4298-8A48-DC37CAAF34C9}.Debug|x64.Build.0 = Debug|x64
		{BD809B3A-D11A-4298-8A48-DC37CAAF34C9}.Debug|x86.ActiveCfg = Debug|Win32
		{BD809B3A-D11A-4298-8A48-DC37CAAF34C9}.Debug|x86.Build.0 = Debug|Win32
		{BD809B3A-D11A-4298-8A48-DC37CAAF34C9}.Release|x64.ActiveCfg = Release|x64
		{BD809B3A-D11A-4298-8A48-DC37CAAF34C9}.Release|x64.Build.0 = Release|x64
		{BD809B3A-D11A-4298-8A48-DC37CAAF34C9}.Release|x86.ActiveCfg = Release|Win32
		{BD809B3A-D11A-4298-8A48-DC37CAAF34C9}.Release|x86.Build.0 = Release|Win32
	EndGlobalSection
	GlobalSection(SolutionProperties) = preSolution
		HideSolutionNode = FALSE
	EndGlobalSection
	GlobalSection(NestedProjects) = preSolution
		{25995B88-8BD0-45E5-97A9-BCC5B9C28B8A} = {CC777B75-87BD-43EF-BBFE-D16876299015}
		{E7606810-81B4-4CB7-B8A7-09DE7487095F} = {B8C001A8-5AAC-4D1B-B584-5C11E4B96C95}
		{C771FE06-C803-4DCD-9342-D5896182987A} = {0F0C8AA1-A1D7-4318-A0C8-FB90E1E2551E}
		{BE8D93C8-265A-4423-8D32-7DDAE5D4D89F} = {9B627066-54A8-4819-85E4-871081BDDBB7}
		{7144BFE2-126F-4E25-B7C3-59D1C04E324E} = {9B627066-54A8-4819-85E4-871081BDDBB7}
		{7AE8355B-938A-4F15-98A8-0512A06DDD66} = {A8EC24B4-F7E9-45A5-B853-B5204A9B0562}
		{A96ABC4B-BF49-4FEB-9900-2CF28E532EC7} = {9B627066-54A8-4819-85E4-871081BDDBB7}
		{AA1137B8-4527-41C3-AA4F-6EE54EEA476F} = {9B627066-54A8-4819-85E4-871081BDDBB7}
		{0FB598DC-D199-4AE6-9C54-7778355F57DB} = {B8C001A8-5AAC-4D1B-B584-5C11E4B96C95}
		{E6DD8FFD-EF3D-46F2-A662-9CEFA038C076} = {9B627066-54A8-4819-85E4-871081BDDBB7}
		{BD809B3A-D11A-4298-8A48-DC37CAAF34C9} = {A8EC24B4-F7E9-45A5-B853-B5204A9B0562}
	EndGlobalSection
EndGlobal
